
Microsoft Visual Studio Solution File, Format Version 12.00
# Visual Studio Version 16
VisualStudioVersion = 16.0.30907.101
MinimumVisualStudioVersion = 10.0.40219.1
Project("{FAE04EC0-301F-11D3-BF4B-00C04F79EFBC}") = "week9", "week9\week9.csproj", "{74DD67A6-5F2C-4063-806F-DC31F996850D}"
EndProject
Global
	GlobalSection(SolutionConfigurationPlatforms) = preSolution
		Debug|Any CPU = Debug|Any CPU
		Release|Any CPU = Release|Any CPU
	EndGlobalSection
	GlobalSection(ProjectConfigurationPlatforms) = postSolution
		{74DD67A6-5F2C-4063-806F-DC31F996850D}.Debug|Any CPU.ActiveCfg = Debug|Any CPU
		{74DD67A6-5F2C-4063-806F-DC31F996850D}.Debug|Any CPU.Build.0 = Debug|Any CPU
		{74DD67A6-5F2C-4063-806F-DC31F996850D}.Release|Any CPU.ActiveCfg = Release|Any CPU
		{74DD67A6-5F2C-4063-806F-DC31F996850D}.Release|Any CPU.Build.0 = Release|Any CPU
	EndGlobalSection
	GlobalSection(SolutionProperties) = preSolution
		HideSolutionNode = FALSE
	EndGlobalSection
	GlobalSection(ExtensibilityGlobals) = postSolution
		SolutionGuid = {2621DF66-20C9-4F21-9919-6675A5A681BD}
	EndGlobalSection
EndGlobal
