
Microsoft Visual Studio Solution File, Format Version 12.00
# Visual Studio Version 16
VisualStudioVersion = 16.0.31313.79
MinimumVisualStudioVersion = 10.0.40219.1
Project("{FAE04EC0-301F-11D3-BF4B-00C04F79EFBC}") = "B_201844050_박승민", "B_201844050_박승민\B_201844050_박승민.csproj", "{F76212A1-A47F-4B6E-AFE8-9A6C265CA572}"
EndProject
Global
	GlobalSection(SolutionConfigurationPlatforms) = preSolution
		Debug|Any CPU = Debug|Any CPU
		Release|Any CPU = Release|Any CPU
	EndGlobalSection
	GlobalSection(ProjectConfigurationPlatforms) = postSolution
		{F76212A1-A47F-4B6E-AFE8-9A6C265CA572}.Debug|Any CPU.ActiveCfg = Debug|Any CPU
		{F76212A1-A47F-4B6E-AFE8-9A6C265CA572}.Debug|Any CPU.Build.0 = Debug|Any CPU
		{F76212A1-A47F-4B6E-AFE8-9A6C265CA572}.Release|Any CPU.ActiveCfg = Release|Any CPU
		{F76212A1-A47F-4B6E-AFE8-9A6C265CA572}.Release|Any CPU.Build.0 = Release|Any CPU
	EndGlobalSection
	GlobalSection(SolutionProperties) = preSolution
		HideSolutionNode = FALSE
	EndGlobalSection
	GlobalSection(ExtensibilityGlobals) = postSolution
		SolutionGuid = {04BEE145-8A88-46E6-BD43-6CCFAE8CCADA}
	EndGlobalSection
EndGlobal
