
Microsoft Visual Studio Solution File, Format Version 12.00
# Visual Studio Version 16
VisualStudioVersion = 16.0.30804.86
MinimumVisualStudioVersion = 10.0.40219.1
Project("{8BC9CEB8-8B4A-11D0-8D11-00A0C91BC942}") = "Project1", "Project1\Project1.vcxproj", "{900CAE24-E6A9-43BB-B0A0-988007D89E23}"
EndProject
Project("{8BC9CEB8-8B4A-11D0-8D11-00A0C91BC942}") = "Project2", "Project2\Project2.vcxproj", "{A2DF8C5E-B7B6-4765-9451-F190805A1B7C}"
EndProject
Global
	GlobalSection(SolutionConfigurationPlatforms) = preSolution
		Debug|x64 = Debug|x64
		Debug|x86 = Debug|x86
		Release|x64 = Release|x64
		Release|x86 = Release|x86
	EndGlobalSection
	GlobalSection(ProjectConfigurationPlatforms) = postSolution
		{900CAE24-E6A9-43BB-B0A0-988007D89E23}.Debug|x64.ActiveCfg = Debug|x64
		{900CAE24-E6A9-43BB-B0A0-988007D89E23}.Debug|x64.Build.0 = Debug|x64
		{900CAE24-E6A9-43BB-B0A0-988007D89E23}.Debug|x86.ActiveCfg = Debug|Win32
		{900CAE24-E6A9-43BB-B0A0-988007D89E23}.Debug|x86.Build.0 = Debug|Win32
		{900CAE24-E6A9-43BB-B0A0-988007D89E23}.Release|x64.ActiveCfg = Release|x64
		{900CAE24-E6A9-43BB-B0A0-988007D89E23}.Release|x64.Build.0 = Release|x64
		{900CAE24-E6A9-43BB-B0A0-988007D89E23}.Release|x86.ActiveCfg = Release|Win32
		{900CAE24-E6A9-43BB-B0A0-988007D89E23}.Release|x86.Build.0 = Release|Win32
		{A2DF8C5E-B7B6-4765-9451-F190805A1B7C}.Debug|x64.ActiveCfg = Debug|x64
		{A2DF8C5E-B7B6-4765-9451-F190805A1B7C}.Debug|x64.Build.0 = Debug|x64
		{A2DF8C5E-B7B6-4765-9451-F190805A1B7C}.Debug|x86.ActiveCfg = Debug|Win32
		{A2DF8C5E-B7B6-4765-9451-F190805A1B7C}.Debug|x86.Build.0 = Debug|Win32
		{A2DF8C5E-B7B6-4765-9451-F190805A1B7C}.Release|x64.ActiveCfg = Release|x64
		{A2DF8C5E-B7B6-4765-9451-F190805A1B7C}.Release|x64.Build.0 = Release|x64
		{A2DF8C5E-B7B6-4765-9451-F190805A1B7C}.Release|x86.ActiveCfg = Release|Win32
		{A2DF8C5E-B7B6-4765-9451-F190805A1B7C}.Release|x86.Build.0 = Release|Win32
	EndGlobalSection
	GlobalSection(SolutionProperties) = preSolution
		HideSolutionNode = FALSE
	EndGlobalSection
	GlobalSection(ExtensibilityGlobals) = postSolution
		SolutionGuid = {B2280707-96EA-4A83-A693-8E018F650C63}
	EndGlobalSection
EndGlobal
