
Microsoft Visual Studio Solution File, Format Version 12.00
# Visual Studio Version 16
VisualStudioVersion = 16.0.31313.79
MinimumVisualStudioVersion = 10.0.40219.1
Project("{FAE04EC0-301F-11D3-BF4B-00C04F79EFBC}") = "B_201844050_박승민", "B_201844050_박승민\B_201844050_박승민.csproj", "{1F9437D8-7F63-436D-A607-13BAC7936940}"
EndProject
Global
	GlobalSection(SolutionConfigurationPlatforms) = preSolution
		Debug|Any CPU = Debug|Any CPU
		Release|Any CPU = Release|Any CPU
	EndGlobalSection
	GlobalSection(ProjectConfigurationPlatforms) = postSolution
		{1F9437D8-7F63-436D-A607-13BAC7936940}.Debug|Any CPU.ActiveCfg = Debug|Any CPU
		{1F9437D8-7F63-436D-A607-13BAC7936940}.Debug|Any CPU.Build.0 = Debug|Any CPU
		{1F9437D8-7F63-436D-A607-13BAC7936940}.Release|Any CPU.ActiveCfg = Release|Any CPU
		{1F9437D8-7F63-436D-A607-13BAC7936940}.Release|Any CPU.Build.0 = Release|Any CPU
	EndGlobalSection
	GlobalSection(SolutionProperties) = preSolution
		HideSolutionNode = FALSE
	EndGlobalSection
	GlobalSection(ExtensibilityGlobals) = postSolution
		SolutionGuid = {B6E01C5B-A9E4-4E33-89E1-2289E79784F0}
	EndGlobalSection
EndGlobal
