
Microsoft Visual Studio Solution File, Format Version 12.00
# Visual Studio Version 16
VisualStudioVersion = 16.0.30804.86
MinimumVisualStudioVersion = 10.0.40219.1
Project("{FAE04EC0-301F-11D3-BF4B-00C04F79EFBC}") = "week4_1", "week4_1\week4_1.csproj", "{899D162B-1E51-4726-B71E-9444230BEAA1}"
EndProject
Project("{FAE04EC0-301F-11D3-BF4B-00C04F79EFBC}") = "week4_2", "week4_2\week4_2.csproj", "{E1DEA0E8-97AA-4782-BA60-DC6431C58B1A}"
EndProject
Project("{FAE04EC0-301F-11D3-BF4B-00C04F79EFBC}") = "week4_3", "week4_3\week4_3.csproj", "{C0D13618-09A7-408F-BB5F-7179ACC439B4}"
EndProject
Project("{FAE04EC0-301F-11D3-BF4B-00C04F79EFBC}") = "week4_4", "week4_4\week4_4.csproj", "{0D972234-71BE-4EFB-BDAF-EC700682048A}"
EndProject
Global
	GlobalSection(SolutionConfigurationPlatforms) = preSolution
		Debug|Any CPU = Debug|Any CPU
		Release|Any CPU = Release|Any CPU
	EndGlobalSection
	GlobalSection(ProjectConfigurationPlatforms) = postSolution
		{899D162B-1E51-4726-B71E-9444230BEAA1}.Debug|Any CPU.ActiveCfg = Debug|Any CPU
		{899D162B-1E51-4726-B71E-9444230BEAA1}.Debug|Any CPU.Build.0 = Debug|Any CPU
		{899D162B-1E51-4726-B71E-9444230BEAA1}.Release|Any CPU.ActiveCfg = Release|Any CPU
		{899D162B-1E51-4726-B71E-9444230BEAA1}.Release|Any CPU.Build.0 = Release|Any CPU
		{E1DEA0E8-97AA-4782-BA60-DC6431C58B1A}.Debug|Any CPU.ActiveCfg = Debug|Any CPU
		{E1DEA0E8-97AA-4782-BA60-DC6431C58B1A}.Debug|Any CPU.Build.0 = Debug|Any CPU
		{E1DEA0E8-97AA-4782-BA60-DC6431C58B1A}.Release|Any CPU.ActiveCfg = Release|Any CPU
		{E1DEA0E8-97AA-4782-BA60-DC6431C58B1A}.Release|Any CPU.Build.0 = Release|Any CPU
		{C0D13618-09A7-408F-BB5F-7179ACC439B4}.Debug|Any CPU.ActiveCfg = Debug|Any CPU
		{C0D13618-09A7-408F-BB5F-7179ACC439B4}.Debug|Any CPU.Build.0 = Debug|Any CPU
		{C0D13618-09A7-408F-BB5F-7179ACC439B4}.Release|Any CPU.ActiveCfg = Release|Any CPU
		{C0D13618-09A7-408F-BB5F-7179ACC439B4}.Release|Any CPU.Build.0 = Release|Any CPU
		{0D972234-71BE-4EFB-BDAF-EC700682048A}.Debug|Any CPU.ActiveCfg = Debug|Any CPU
		{0D972234-71BE-4EFB-BDAF-EC700682048A}.Debug|Any CPU.Build.0 = Debug|Any CPU
		{0D972234-71BE-4EFB-BDAF-EC700682048A}.Release|Any CPU.ActiveCfg = Release|Any CPU
		{0D972234-71BE-4EFB-BDAF-EC700682048A}.Release|Any CPU.Build.0 = Release|Any CPU
	EndGlobalSection
	GlobalSection(SolutionProperties) = preSolution
		HideSolutionNode = FALSE
	EndGlobalSection
	GlobalSection(ExtensibilityGlobals) = postSolution
		SolutionGuid = {4B8BE0FF-4FED-4E4C-8CCF-9571B88B6623}
	EndGlobalSection
EndGlobal
